
Microsoft Visual Studio Solution File, Format Version 12.00
# Visual Studio 15
VisualStudioVersion = 15.0.28307.1972
MinimumVisualStudioVersion = 10.0.40219.1
Project("{8BC9CEB8-8B4A-11D0-8D11-00A0C91BC942}") = "physics2d", "physics2d\physics2d.vcxproj", "{72592187-A890-45AD-A292-55ED5F30D0E0}"
EndProject
Global
	GlobalSection(SolutionConfigurationPlatforms) = preSolution
		Debug|x64 = Debug|x64
		Debug|x86 = Debug|x86
		Release|x64 = Release|x64
		Release|x86 = Release|x86
	EndGlobalSection
	GlobalSection(ProjectConfigurationPlatforms) = postSolution
		{72592187-A890-45AD-A292-55ED5F30D0E0}.Debug|x64.ActiveCfg = Debug|x64
		{72592187-A890-45AD-A292-55ED5F30D0E0}.Debug|x64.Build.0 = Debug|x64
		{72592187-A890-45AD-A292-55ED5F30D0E0}.Debug|x86.ActiveCfg = Debug|Win32
		{72592187-A890-45AD-A292-55ED5F30D0E0}.Debug|x86.Build.0 = Debug|Win32
		{72592187-A890-45AD-A292-55ED5F30D0E0}.Release|x64.ActiveCfg = Release|x64
		{72592187-A890-45AD-A292-55ED5F30D0E0}.Release|x64.Build.0 = Release|x64
		{72592187-A890-45AD-A292-55ED5F30D0E0}.Release|x86.ActiveCfg = Release|Win32
		{72592187-A890-45AD-A292-55ED5F30D0E0}.Release|x86.Build.0 = Release|Win32
	EndGlobalSection
	GlobalSection(SolutionProperties) = preSolution
		HideSolutionNode = FALSE
	EndGlobalSection
	GlobalSection(ExtensibilityGlobals) = postSolution
		SolutionGuid = {9366149C-5A87-4231-B65D-93AF04B3D861}
	EndGlobalSection
EndGlobal
