<?xml version="1.0" encoding="utf-8"?>
<Project ToolsVersion="4.0" xmlns="http://schemas.microsoft.com/developer/msbuild/2003">
  <ItemGroup>
    <Filter Include="Source Files">
      <UniqueIdentifier>{4FC737F1-C7A5-4376-A066-2A32D752A2FF}</UniqueIdentifier>
      <Extensions>cpp;c;cc;cxx;def;odl;idl;hpj;bat;asm;asmx</Extensions>
    </Filter>
    <Filter Include="Header Files">
      <UniqueIdentifier>{93995380-89BD-4b04-88EB-625FBE52EBFB}</UniqueIdentifier>
      <Extensions>h;hh;hpp;hxx;hm;inl;inc;ipp;xsd</Extensions>
    </Filter>
    <Filter Include="Resource Files">
      <UniqueIdentifier>{67DA6AB6-F800-4c08-8B7A-83BB121AAD01}</UniqueIdentifier>
      <Extensions>rc;ico;cur;bmp;dlg;rc2;rct;bin;rgs;gif;jpg;jpeg;jpe;resx;tiff;tif;png;wav;mfcribbon-ms</Extensions>
    </Filter>
    <Filter Include="Source Files\math">
      <UniqueIdentifier>{9de53bf8-b318-488c-8118-0205b67a0844}</UniqueIdentifier>
    </Filter>
    <Filter Include="Header Files\math">
      <UniqueIdentifier>{1014f755-99d4-4413-b937-5cdad5f71517}</UniqueIdentifier>
    </Filter>
    <Filter Include="Header Files\primitives">
      <UniqueIdentifier>{0e305753-6b0a-4885-a029-926940c6d723}</UniqueIdentifier>
    </Filter>
    <Filter Include="Header Files\rigidbody">
      <UniqueIdentifier>{9bdf3f3d-e4d2-4955-bb55-aefbf66cde5f}</UniqueIdentifier>
    </Filter>
    <Filter Include="Header Files\math_utils">
      <UniqueIdentifier>{1fb20e20-226a-462c-a549-1788eddc56eb}</UniqueIdentifier>
    </Filter>
    <Filter Include="Source Files\math_utils">
      <UniqueIdentifier>{7c0f177b-c22d-4981-b900-0cac866ba0d3}</UniqueIdentifier>
    </Filter>
  </ItemGroup>
  <ItemGroup>
    <ClCompile Include="physics2d.cpp">
      <Filter>Source Files</Filter>
    </ClCompile>
    <ClCompile Include="math\vector2d.cpp">
      <Filter>Source Files\math</Filter>
    </ClCompile>
    <ClCompile Include="math\vector3d.cpp">
      <Filter>Source Files\math</Filter>
    </ClCompile>
    <ClCompile Include="math\matrix2d.cpp">
      <Filter>Source Files\math</Filter>
    </ClCompile>
    <ClCompile Include="math\matrices.cpp">
      <Filter>Source Files\math</Filter>
    </ClCompile>
    <ClCompile Include="math\matrix3d.cpp">
      <Filter>Source Files\math</Filter>
    </ClCompile>
    <ClCompile Include="math\matrix4d.cpp">
      <Filter>Source Files\math</Filter>
    </ClCompile>
    <ClCompile Include="math_utils\matrices_utils.cpp">
      <Filter>Source Files\math_utils</Filter>
    </ClCompile>
  </ItemGroup>
  <ItemGroup>
    <ClInclude Include="primitives\AABB.h">
      <Filter>Header Files\primitives</Filter>
    </ClInclude>
    <ClInclude Include="primitives\box2d.h">
      <Filter>Header Files\primitives</Filter>
    </ClInclude>
    <ClInclude Include="primitives\circle.h">
      <Filter>Header Files\primitives</Filter>
    </ClInclude>
    <ClInclude Include="primitives\collider2d.h">
      <Filter>Header Files\primitives</Filter>
    </ClInclude>
    <ClInclude Include="math\vector3d.h">
      <Filter>Header Files\math</Filter>
    </ClInclude>
    <ClInclude Include="math\vector2d.h">
      <Filter>Header Files\math</Filter>
    </ClInclude>
    <ClInclude Include="rigidbody\rigidbody2d.h">
      <Filter>Header Files\rigidbody</Filter>
    </ClInclude>
    <ClInclude Include="math\matrices.h">
      <Filter>Header Files\math</Filter>
    </ClInclude>
    <ClInclude Include="math\float_utils.h">
      <Filter>Header Files\math</Filter>
    </ClInclude>
    <ClInclude Include="math\matrix2d.h">
      <Filter>Header Files\math</Filter>
    </ClInclude>
    <ClInclude Include="math\matrix3d.h">
      <Filter>Header Files\math</Filter>
    </ClInclude>
    <ClInclude Include="math\matrix4d.h">
      <Filter>Header Files\math</Filter>
    </ClInclude>
    <ClInclude Include="math_utils\matrices_utils.h">
      <Filter>Header Files\math_utils</Filter>
    </ClInclude>
    <ClInclude Include="math\point2d.h">
      <Filter>Header Files\math</Filter>
    </ClInclude>
  </ItemGroup>
</Project>